
Microsoft Visual Studio Solution File, Format Version 12.00
# Visual Studio Version 17
VisualStudioVersion = 17.9.34902.65
MinimumVisualStudioVersion = 10.0.40219.1
Project("{FAE04EC0-301F-11D3-BF4B-00C04F79EFBC}") = "UrbanKitchen", "UrbanKitchen.csproj", "{094263DD-32FB-4EC1-8BEC-4414BED9EB1A}"
EndProject
Global
	GlobalSection(SolutionConfigurationPlatforms) = preSolution
		Debug|Any CPU = Debug|Any CPU
		Release|Any CPU = Release|Any CPU
	EndGlobalSection
	GlobalSection(ProjectConfigurationPlatforms) = postSolution
		{094263DD-32FB-4EC1-8BEC-4414BED9EB1A}.Debug|Any CPU.ActiveCfg = Debug|Any CPU
		{094263DD-32FB-4EC1-8BEC-4414BED9EB1A}.Debug|Any CPU.Build.0 = Debug|Any CPU
		{094263DD-32FB-4EC1-8BEC-4414BED9EB1A}.Release|Any CPU.ActiveCfg = Release|Any CPU
		{094263DD-32FB-4EC1-8BEC-4414BED9EB1A}.Release|Any CPU.Build.0 = Release|Any CPU
	EndGlobalSection
	GlobalSection(SolutionProperties) = preSolution
		HideSolutionNode = FALSE
	EndGlobalSection
	GlobalSection(ExtensibilityGlobals) = postSolution
		SolutionGuid = {D87FF684-8F13-4C50-8D0D-D8BB72AADA94}
	EndGlobalSection
EndGlobal
